<?xml version="1.0" encoding="utf-8"?>
<Project ToolsVersion="4.0" xmlns="http://schemas.microsoft.com/developer/msbuild/2003">
  <ItemGroup>
    <Filter Include="Source Files">
      <UniqueIdentifier>{4FC737F1-C7A5-4376-A066-2A32D752A2FF}</UniqueIdentifier>
      <Extensions>cpp;c;cc;cxx;def;odl;idl;hpj;bat;asm;asmx</Extensions>
    </Filter>
    <Filter Include="Header Files">
      <UniqueIdentifier>{93995380-89BD-4b04-88EB-625FBE52EBFB}</UniqueIdentifier>
      <Extensions>h;hpp;hxx;hm;inl;inc;xsd</Extensions>
    </Filter>
    <Filter Include="Resource Files">
      <UniqueIdentifier>{67DA6AB6-F800-4c08-8B7A-83BB121AAD01}</UniqueIdentifier>
      <Extensions>rc;ico;cur;bmp;dlg;rc2;rct;bin;rgs;gif;jpg;jpeg;jpe;resx;tiff;tif;png;wav;mfcribbon-ms</Extensions>
    </Filter>
  </ItemGroup>
  <ItemGroup>
    <ClCompile Include="core\src\main.cpp">
      <Filter>Source Files</Filter>
    </ClCompile>
    <ClCompile Include="core\src\game.cpp">
      <Filter>Source Files</Filter>
    </ClCompile>
    <ClCompile Include="core\src\logging.cpp">
      <Filter>Source Files</Filter>
    </ClCompile>
    <ClCompile Include="renderer\src\device.cpp">
      <Filter>Source Files</Filter>
    </ClCompile>
    <ClCompile Include="renderer\src\gl_core_3_3.cpp">
      <Filter>Source Files</Filter>
    </ClCompile>
    <ClCompile Include="core\src\resourceloader.cpp">
      <Filter>Source Files</Filter>
    </ClCompile>
    <ClCompile Include="renderer\src\buffers\indexbuffer.cpp">
      <Filter>Source Files</Filter>
    </ClCompile>
    <ClCompile Include="renderer\src\buffers\vertexbuffer.cpp">
      <Filter>Source Files</Filter>
    </ClCompile>
    <ClCompile Include="renderer\src\gltypeconversion.cpp">
      <Filter>Source Files</Filter>
    </ClCompile>
    <ClCompile Include="renderer\src\vertexarrayattribute.cpp">
      <Filter>Source Files</Filter>
    </ClCompile>
    <ClCompile Include="renderer\src\vertexarray.cpp">
      <Filter>Source Files</Filter>
    </ClCompile>
    <ClCompile Include="renderer\src\shaders\shader.cpp">
      <Filter>Source Files</Filter>
    </ClCompile>
    <ClCompile Include="renderer\src\shaders\shaderobject.cpp">
      <Filter>Source Files</Filter>
    </ClCompile>
    <ClCompile Include="renderer\src\shaders\shaderuniformtypes.cpp">
      <Filter>Source Files</Filter>
    </ClCompile>
  </ItemGroup>
  <ItemGroup>
    <ClInclude Include="core\program.h">
      <Filter>Header Files</Filter>
    </ClInclude>
    <ClInclude Include="core\game.h">
      <Filter>Header Files</Filter>
    </ClInclude>
    <ClInclude Include="core\logging.h">
      <Filter>Header Files</Filter>
    </ClInclude>
    <ClInclude Include="renderer\device.h">
      <Filter>Header Files</Filter>
    </ClInclude>
    <ClInclude Include="renderer\src\gl_core_3_3.hpp">
      <Filter>Header Files</Filter>
    </ClInclude>
    <ClInclude Include="core\resourceloader.h">
      <Filter>Header Files</Filter>
    </ClInclude>
    <ClInclude Include="renderer\devicecontext.h">
      <Filter>Header Files</Filter>
    </ClInclude>
    <ClInclude Include="renderer\clearstate.h">
      <Filter>Header Files</Filter>
    </ClInclude>
    <ClInclude Include="renderer\pipelinestate.h">
      <Filter>Header Files</Filter>
    </ClInclude>
    <ClInclude Include="renderer\pipelinestate\depthtest.h">
      <Filter>Header Files</Filter>
    </ClInclude>
    <ClInclude Include="renderer\pipelinestate\facetculling.h">
      <Filter>Header Files</Filter>
    </ClInclude>
    <ClInclude Include="renderer\pipelinestate\windingorder.h">
      <Filter>Header Files</Filter>
    </ClInclude>
    <ClInclude Include="renderer\renderstate.h">
      <Filter>Header Files</Filter>
    </ClInclude>
    <ClInclude Include="renderer\src\gltypeconversion.h">
      <Filter>Header Files</Filter>
    </ClInclude>
    <ClInclude Include="renderer\buffers\indexbuffer.h">
      <Filter>Header Files</Filter>
    </ClInclude>
    <ClInclude Include="renderer\buffers\usagehint.h">
      <Filter>Header Files</Filter>
    </ClInclude>
    <ClInclude Include="renderer\buffers\vertexbuffer.h">
      <Filter>Header Files</Filter>
    </ClInclude>
    <ClInclude Include="renderer\vertexarrayattribute.h">
      <Filter>Header Files</Filter>
    </ClInclude>
    <ClInclude Include="renderer\vertexarray.h">
      <Filter>Header Files</Filter>
    </ClInclude>
    <ClInclude Include="renderer\shaders\shader.h">
      <Filter>Header Files</Filter>
    </ClInclude>
    <ClInclude Include="renderer\src\shaders\shadertype.h">
      <Filter>Header Files</Filter>
    </ClInclude>
    <ClInclude Include="scene\scenestate.h">
      <Filter>Header Files</Filter>
    </ClInclude>
    <ClInclude Include="renderer\shaders\shadervertexattribute.h">
      <Filter>Header Files</Filter>
    </ClInclude>
    <ClInclude Include="renderer\shaders\shaderuniform.h">
      <Filter>Header Files</Filter>
    </ClInclude>
    <ClInclude Include="renderer\src\shaders\shaderobject.h">
      <Filter>Header Files</Filter>
    </ClInclude>
    <ClInclude Include="renderer\shaders\shaderuniformobserver.h">
      <Filter>Header Files</Filter>
    </ClInclude>
    <ClInclude Include="renderer\shaders\shaderuniformbase.h">
      <Filter>Header Files</Filter>
    </ClInclude>
    <ClInclude Include="renderer\shaders\uniforms\shaderuniform.h">
      <Filter>Header Files</Filter>
    </ClInclude>
    <ClInclude Include="renderer\shaders\uniforms\shaderuniformbase.h">
      <Filter>Header Files</Filter>
    </ClInclude>
    <ClInclude Include="renderer\shaders\uniforms\shaderuniformobserver.h">
      <Filter>Header Files</Filter>
    </ClInclude>
    <ClInclude Include="renderer\shaders\uniforms\uniformtypes.h">
      <Filter>Header Files</Filter>
    </ClInclude>
    <ClInclude Include="renderer\shaders\uniforms\alltypes.h">
      <Filter>Header Files</Filter>
    </ClInclude>
    <ClInclude Include="renderer\shaders\autouniforms\autoshaderuniform.h">
      <Filter>Header Files</Filter>
    </ClInclude>
    <ClInclude Include="renderer\shaders\autouniforms\all.h">
      <Filter>Header Files</Filter>
    </ClInclude>
    <ClInclude Include="renderer\shaders\autouniforms\define.h">
      <Filter>Header Files</Filter>
    </ClInclude>
  </ItemGroup>
</Project>